
Microsoft Visual Studio Solution File, Format Version 12.00
# Visual Studio Version 16
VisualStudioVersion = 16.0.29613.14
MinimumVisualStudioVersion = 10.0.40219.1
Project("{FAE04EC0-301F-11D3-BF4B-00C04F79EFBC}") = "CmsCheck", "CmsCheck.csproj", "{0A67A00B-132B-4DC5-A233-CD865CBE955C}"
EndProject
Global
	GlobalSection(SolutionConfigurationPlatforms) = preSolution
		Debug|Any CPU = Debug|Any CPU
		Release|Any CPU = Release|Any CPU
	EndGlobalSection
	GlobalSection(ProjectConfigurationPlatforms) = postSolution
		{0A67A00B-132B-4DC5-A233-CD865CBE955C}.Debug|Any CPU.ActiveCfg = Debug|Any CPU
		{0A67A00B-132B-4DC5-A233-CD865CBE955C}.Debug|Any CPU.Build.0 = Debug|Any CPU
		{0A67A00B-132B-4DC5-A233-CD865CBE955C}.Release|Any CPU.ActiveCfg = Release|Any CPU
		{0A67A00B-132B-4DC5-A233-CD865CBE955C}.Release|Any CPU.Build.0 = Release|Any CPU
	EndGlobalSection
	GlobalSection(SolutionProperties) = preSolution
		HideSolutionNode = FALSE
	EndGlobalSection
	GlobalSection(ExtensibilityGlobals) = postSolution
		SolutionGuid = {5D3B0447-B311-4ABA-BEBB-3C243480120F}
	EndGlobalSection
EndGlobal
